// !$*UTF8*$!
{
	archiveVersion = 1;
	classes = {
	};
	objectVersion = 46;
	objects = {

/* Begin PBXBuildFile section */
		650501891BA895C5001450E8 /* AppDelegate.swift in Sources */ = {isa = PBXBuildFile; fileRef = 650501881BA895C5001450E8 /* AppDelegate.swift */; };
		6505018B1BA895C5001450E8 /* ViewController.swift in Sources */ = {isa = PBXBuildFile; fileRef = 6505018A1BA895C5001450E8 /* ViewController.swift */; };
		6505018E1BA895C5001450E8 /* Main.storyboard in Resources */ = {isa = PBXBuildFile; fileRef = 6505018C1BA895C5001450E8 /* Main.storyboard */; };
		650501911BA895C5001450E8 /* Tapper.xcdatamodeld in Sources */ = {isa = PBXBuildFile; fileRef = 6505018F1BA895C5001450E8 /* Tapper.xcdatamodeld */; };
		650501931BA895C5001450E8 /* Assets.xcassets in Resources */ = {isa = PBXBuildFile; fileRef = 650501921BA895C5001450E8 /* Assets.xcassets */; };
		650501961BA895C5001450E8 /* LaunchScreen.storyboard in Resources */ = {isa = PBXBuildFile; fileRef = 650501941BA895C5001450E8 /* LaunchScreen.storyboard */; };
		650501A11BA895C5001450E8 /* TapperTests.swift in Sources */ = {isa = PBXBuildFile; fileRef = 650501A01BA895C5001450E8 /* TapperTests.swift */; };
		650501AC1BA895C5001450E8 /* TapperUITests.swift in Sources */ = {isa = PBXBuildFile; fileRef = 650501AB1BA895C5001450E8 /* TapperUITests.swift */; };
/* End PBXBuildFile section */

/* Begin PBXContainerItemProxy section */
		6505019D1BA895C5001450E8 /* PBXContainerItemProxy */ = {
			isa = PBXContainerItemProxy;
			containerPortal = 6505017D1BA895C5001450E8 /* Project object */;
			proxyType = 1;
			remoteGlobalIDString = 650501841BA895C5001450E8;
			remoteInfo = Tapper;
		};
		650501A81BA895C5001450E8 /* PBXContainerItemProxy */ = {
			isa = PBXContainerItemProxy;
			containerPortal = 6505017D1BA895C5001450E8 /* Project object */;
			proxyType = 1;
			remoteGlobalIDString = 650501841BA895C5001450E8;
			remoteInfo = Tapper;
		};
/* End PBXContainerItemProxy section */

/* Begin PBXFileReference section */
		650501851BA895C5001450E8 /* Tapper.app */ = {isa = PBXFileReference; explicitFileType = wrapper.application; includeInIndex = 0; path = Tapper.app; sourceTree = BUILT_PRODUCTS_DIR; };
		650501881BA895C5001450E8 /* AppDelegate.swift */ = {isa = PBXFileReference; lastKnownFileType = sourcecode.swift; path = AppDelegate.swift; sourceTree = "<group>"; };
		6505018A1BA895C5001450E8 /* ViewController.swift */ = {isa = PBXFileReference; lastKnownFileType = sourcecode.swift; path = ViewController.swift; sourceTree = "<group>"; };
		6505018D1BA895C5001450E8 /* Base */ = {isa = PBXFileReference; lastKnownFileType = file.storyboard; name = Base; path = Base.lproj/Main.storyboard; sourceTree = "<group>"; };
		650501901BA895C5001450E8 /* Tapper.xcdatamodel */ = {isa = PBXFileReference; lastKnownFileType = wrapper.xcdatamodel; path = Tapper.xcdatamodel; sourceTree = "<group>"; };
		650501921BA895C5001450E8 /* Assets.xcassets */ = {isa = PBXFileReference; lastKnownFileType = folder.assetcatalog; path = Assets.xcassets; sourceTree = "<group>"; };
		650501951BA895C5001450E8 /* Base */ = {isa = PBXFileReference; lastKnownFileType = file.storyboard; name = Base; path = Base.lproj/LaunchScreen.storyboard; sourceTree = "<group>"; };
		650501971BA895C5001450E8 /* Info.plist */ = {isa = PBXFileReference; lastKnownFileType = text.plist.xml; path = Info.plist; sourceTree = "<group>"; };
		6505019C1BA895C5001450E8 /* TapperTests.xctest */ = {isa = PBXFileReference; explicitFileType = wrapper.cfbundle; includeInIndex = 0; path = TapperTests.xctest; sourceTree = BUILT_PRODUCTS_DIR; };
		650501A01BA895C5001450E8 /* TapperTests.swift */ = {isa = PBXFileReference; lastKnownFileType = sourcecode.swift; path = TapperTests.swift; sourceTree = "<group>"; };
		650501A21BA895C5001450E8 /* Info.plist */ = {isa = PBXFileReference; lastKnownFileType = text.plist.xml; path = Info.plist; sourceTree = "<group>"; };
		650501A71BA895C5001450E8 /* TapperUITests.xctest */ = {isa = PBXFileReference; explicitFileType = wrapper.cfbundle; includeInIndex = 0; path = TapperUITests.xctest; sourceTree = BUILT_PRODUCTS_DIR; };
		650501AB1BA895C5001450E8 /* TapperUITests.swift */ = {isa = PBXFileReference; lastKnownFileType = sourcecode.swift; path = TapperUITests.swift; sourceTree = "<group>"; };
		650501AD1BA895C5001450E8 /* Info.plist */ = {isa = PBXFileReference; lastKnownFileType = text.plist.xml; path = Info.plist; sourceTree = "<group>"; };
/* End PBXFileReference section */

/* Begin PBXFrameworksBuildPhase section */
		650501821BA895C5001450E8 /* Frameworks */ = {
			isa = PBXFrameworksBuildPhase;
			buildActionMask = 2147483647;
			files = (
			);
			runOnlyForDeploymentPostprocessing = 0;
		};
		650501991BA895C5001450E8 /* Frameworks */ = {
			isa = PBXFrameworksBuildPhase;
			buildActionMask = 2147483647;
			files = (
			);
			runOnlyForDeploymentPostprocessing = 0;
		};
		650501A41BA895C5001450E8 /* Frameworks */ = {
			isa = PBXFrameworksBuildPhase;
			buildActionMask = 2147483647;
			files = (
			);
			runOnlyForDeploymentPostprocessing = 0;
		};
/* End PBXFrameworksBuildPhase section */

/* Begin PBXGroup section */
		6505017C1BA895C5001450E8 = {
			isa = PBXGroup;
			children = (
				650501871BA895C5001450E8 /* Tapper */,
				6505019F1BA895C5001450E8 /* TapperTests */,
				650501AA1BA895C5001450E8 /* TapperUITests */,
				650501861BA895C5001450E8 /* Products */,
			);
			sourceTree = "<group>";
		};
		650501861BA895C5001450E8 /* Products */ = {
			isa = PBXGroup;
			children = (
				650501851BA895C5001450E8 /* Tapper.app */,
				6505019C1BA895C5001450E8 /* TapperTests.xctest */,
				650501A71BA895C5001450E8 /* TapperUITests.xctest */,
			);
			name = Products;
			sourceTree = "<group>";
		};
		650501871BA895C5001450E8 /* Tapper */ = {
			isa = PBXGroup;
			children = (
				650501881BA895C5001450E8 /* AppDelegate.swift */,
				6505018A1BA895C5001450E8 /* ViewController.swift */,
				6505018C1BA895C5001450E8 /* Main.storyboard */,
				650501921BA895C5001450E8 /* Assets.xcassets */,
				650501941BA895C5001450E8 /* LaunchScreen.storyboard */,
				650501971BA895C5001450E8 /* Info.plist */,
				6505018F1BA895C5001450E8 /* Tapper.xcdatamodeld */,
			);
			path = Tapper;
			sourceTree = "<group>";
		};
		6505019F1BA895C5001450E8 /* TapperTests */ = {
			isa = PBXGroup;
			children = (
				650501A01BA895C5001450E8 /* TapperTests.swift */,
				650501A21BA895C5001450E8 /* Info.plist */,
			);
			path = TapperTests;
			sourceTree = "<group>";
		};
		650501AA1BA895C5001450E8 /* TapperUITests */ = {
			isa = PBXGroup;
			children = (
				650501AB1BA895C5001450E8 /* TapperUITests.swift */,
				650501AD1BA895C5001450E8 /* Info.plist */,
			);
			path = TapperUITests;
			sourceTree = "<group>";
		};
/* End PBXGroup section */

/* Begin PBXNativeTarget section */
		650501841BA895C5001450E8 /* Tapper */ = {
			isa = PBXNativeTarget;
			buildConfigurationList = 650501B01BA895C5001450E8 /* Build configuration list for PBXNativeTarget "Tapper" */;
			buildPhases = (
				650501811BA895C5001450E8 /* Sources */,
				650501821BA895C5001450E8 /* Frameworks */,
				650501831BA895C5001450E8 /* Resources */,
			);
			buildRules = (
			);
			dependencies = (
			);
			name = Tapper;
			productName = Tapper;
			productReference = 650501851BA895C5001450E8 /* Tapper.app */;
			productType = "com.apple.product-type.application";
		};
		6505019B1BA895C5001450E8 /* TapperTests */ = {
			isa = PBXNativeTarget;
			buildConfigurationList = 650501B31BA895C5001450E8 /* Build configuration list for PBXNativeTarget "TapperTests" */;
			buildPhases = (
				650501981BA895C5001450E8 /* Sources */,
				650501991BA895C5001450E8 /* Frameworks */,
				6505019A1BA895C5001450E8 /* Resources */,
			);
			buildRules = (
			);
			dependencies = (
				6505019E1BA895C5001450E8 /* PBXTargetDependency */,
			);
			name = TapperTests;
			productName = TapperTests;
			productReference = 6505019C1BA895C5001450E8 /* TapperTests.xctest */;
			productType = "com.apple.product-type.bundle.unit-test";
		};
		650501A61BA895C5001450E8 /* TapperUITests */ = {
			isa = PBXNativeTarget;
			buildConfigurationList = 650501B61BA895C5001450E8 /* Build configuration list for PBXNativeTarget "TapperUITests" */;
			buildPhases = (
				650501A31BA895C5001450E8 /* Sources */,
				650501A41BA895C5001450E8 /* Frameworks */,
				650501A51BA895C5001450E8 /* Resources */,
			);
			buildRules = (
			);
			dependencies = (
				650501A91BA895C5001450E8 /* PBXTargetDependency */,
			);
			name = TapperUITests;
			productName = TapperUITests;
			productReference = 650501A71BA895C5001450E8 /* TapperUITests.xctest */;
			productType = "com.apple.product-type.bundle.ui-testing";
		};
/* End PBXNativeTarget section */

/* Begin PBXProject section */
		6505017D1BA895C5001450E8 /* Project object */ = {
			isa = PBXProject;
			attributes = {
				LastUpgradeCheck = 0710;
				ORGANIZATIONNAME = "Daniel Zhang";
				TargetAttributes = {
					650501841BA895C5001450E8 = {
						CreatedOnToolsVersion = 7.1;
						DevelopmentTeam = GXSMY2Z3BA;
					};
					6505019B1BA895C5001450E8 = {
						CreatedOnToolsVersion = 7.1;
						DevelopmentTeam = GXSMY2Z3BA;
						TestTargetID = 650501841BA895C5001450E8;
					};
					650501A61BA895C5001450E8 = {
						CreatedOnToolsVersion = 7.1;
						DevelopmentTeam = GXSMY2Z3BA;
						TestTargetID = 650501841BA895C5001450E8;
					};
				};
			};
			buildConfigurationList = 650501801BA895C5001450E8 /* Build configuration list for PBXProject "Tapper" */;
			compatibilityVersion = "Xcode 3.2";
			developmentRegion = English;
			hasScannedForEncodings = 0;
			knownRegions = (
				en,
				Base,
			);
			mainGroup = 6505017C1BA895C5001450E8;
			productRefGroup = 650501861BA895C5001450E8 /* Products */;
			projectDirPath = "";
			projectRoot = "";
			targets = (
				650501841BA895C5001450E8 /* Tapper */,
				6505019B1BA895C5001450E8 /* TapperTests */,
				650501A61BA895C5001450E8 /* TapperUITests */,
			);
		};
/* End PBXProject section */

/* Begin PBXResourcesBuildPhase section */
		650501831BA895C5001450E8 /* Resources */ = {
			isa = PBXResourcesBuildPhase;
			buildActionMask = 2147483647;
			files = (
				650501961BA895C5001450E8 /* LaunchScreen.storyboard in Resources */,
				650501931BA895C5001450E8 /* Assets.xcassets in Resources */,
				6505018E1BA895C5001450E8 /* Main.storyboard in Resources */,
			);
			runOnlyForDeploymentPostprocessing = 0;
		};
		6505019A1BA895C5001450E8 /* Resources */ = {
			isa = PBXResourcesBuildPhase;
			buildActionMask = 2147483647;
			files = (
			);
			runOnlyForDeploymentPostprocessing = 0;
		};
		650501A51BA895C5001450E8 /* Resources */ = {
			isa = PBXResourcesBuildPhase;
			buildActionMask = 2147483647;
			files = (
			);
			runOnlyForDeploymentPostprocessing = 0;
		};
/* End PBXResourcesBuildPhase section */

/* Begin PBXSourcesBuildPhase section */
		650501811BA895C5001450E8 /* Sources */ = {
			isa = PBXSourcesBuildPhase;
			buildActionMask = 2147483647;
			files = (
				6505018B1BA895C5001450E8 /* ViewController.swift in Sources */,
				650501891BA895C5001450E8 /* AppDelegate.swift in Sources */,
				650501911BA895C5001450E8 /* Tapper.xcdatamodeld in Sources */,
			);
			runOnlyForDeploymentPostprocessing = 0;
		};
		650501981BA895C5001450E8 /* Sources */ = {
			isa = PBXSourcesBuildPhase;
			buildActionMask = 2147483647;
			files = (
				650501A11BA895C5001450E8 /* TapperTests.swift in Sources */,
			);
			runOnlyForDeploymentPostprocessing = 0;
		};
		650501A31BA895C5001450E8 /* Sources */ = {
			isa = PBXSourcesBuildPhase;
			buildActionMask = 2147483647;
			files = (
				650501AC1BA895C5001450E8 /* TapperUITests.swift in Sources */,
			);
			runOnlyForDeploymentPostprocessing = 0;
		};
/* End PBXSourcesBuildPhase section */

/* Begin PBXTargetDependency section */
		6505019E1BA895C5001450E8 /* PBXTargetDependency */ = {
			isa = PBXTargetDependency;
			target = 650501841BA895C5001450E8 /* Tapper */;
			targetProxy = 6505019D1BA895C5001450E8 /* PBXContainerItemProxy */;
		};
		650501A91BA895C5001450E8 /* PBXTargetDependency */ = {
			isa = PBXTargetDependency;
			target = 650501841BA895C5001450E8 /* Tapper */;
			targetProxy = 650501A81BA895C5001450E8 /* PBXContainerItemProxy */;
		};
/* End PBXTargetDependency section */

/* Begin PBXVariantGroup section */
		6505018C1BA895C5001450E8 /* Main.storyboard */ = {
			isa = PBXVariantGroup;
			children = (
				6505018D1BA895C5001450E8 /* Base */,
			);
			name = Main.storyboard;
			sourceTree = "<group>";
		};
		650501941BA895C5001450E8 /* LaunchScreen.storyboard */ = {
			isa = PBXVariantGroup;
			children = (
				650501951BA895C5001450E8 /* Base */,
			);
			name = LaunchScreen.storyboard;
			sourceTree = "<group>";
		};
/* End PBXVariantGroup section */

/* Begin XCBuildConfiguration section */
		650501AE1BA895C5001450E8 /* Debug */ = {
			isa = XCBuildConfiguration;
			buildSettings = {
				ALWAYS_SEARCH_USER_PATHS = NO;
				CLANG_CXX_LANGUAGE_STANDARD = "gnu++0x";
				CLANG_CXX_LIBRARY = "libc++";
				CLANG_ENABLE_MODULES = YES;
				CLANG_ENABLE_OBJC_ARC = YES;
				CLANG_WARN_BOOL_CONVERSION = YES;
				CLANG_WARN_CONSTANT_CONVERSION = YES;
				CLANG_WARN_DIRECT_OBJC_ISA_USAGE = YES_ERROR;
				CLANG_WARN_EMPTY_BODY = YES;
				CLANG_WARN_ENUM_CONVERSION = YES;
				CLANG_WARN_INT_CONVERSION = YES;
				CLANG_WARN_OBJC_ROOT_CLASS = YES_ERROR;
				CLANG_WARN_UNREACHABLE_CODE = YES;
				CLANG_WARN__DUPLICATE_METHOD_MATCH = YES;
				"CODE_SIGN_IDENTITY[sdk=iphoneos*]" = "iPhone Developer";
				COPY_PHASE_STRIP = NO;
				DEBUG_INFORMATION_FORMAT = dwarf;
				ENABLE_STRICT_OBJC_MSGSEND = YES;
				ENABLE_TESTABILITY = YES;
				GCC_C_LANGUAGE_STANDARD = gnu99;
				GCC_DYNAMIC_NO_PIC = NO;
				GCC_NO_COMMON_BLOCKS = YES;
				GCC_OPTIMIZATION_LEVEL = 0;
				GCC_PREPROCESSOR_DEFINITIONS = (
					"DEBUG=1",
					"$(inherited)",
				);
				GCC_WARN_64_TO_32_BIT_CONVERSION = YES;
				GCC_WARN_ABOUT_RETURN_TYPE = YES_ERROR;
				GCC_WARN_UNDECLARED_SELECTOR = YES;
				GCC_WARN_UNINITIALIZED_AUTOS = YES_AGGRESSIVE;
				GCC_WARN_UNUSED_FUNCTION = YES;
				GCC_WARN_UNUSED_VARIABLE = YES;
				IPHONEOS_DEPLOYMENT_TARGET = 9.1;
				MTL_ENABLE_DEBUG_INFO = YES;
				ONLY_ACTIVE_ARCH = YES;
				SDKROOT = iphoneos;
				SWIFT_OPTIMIZATION_LEVEL = "-Onone";
			};
			name = Debug;
		};
		650501AF1BA895C5001450E8 /* Release */ = {
			isa = XCBuildConfiguration;
			buildSettings = {
				ALWAYS_SEARCH_USER_PATHS = NO;
				CLANG_CXX_LANGUAGE_STANDARD = "gnu++0x";
				CLANG_CXX_LIBRARY = "libc++";
				CLANG_ENABLE_MODULES = YES;
				CLANG_ENABLE_OBJC_ARC = YES;
				CLANG_WARN_BOOL_CONVERSION = YES;
				CLANG_WARN_CONSTANT_CONVERSION = YES;
				CLANG_WARN_DIRECT_OBJC_ISA_USAGE = YES_ERROR;
				CLANG_WARN_EMPTY_BODY = YES;
				CLANG_WARN_ENUM_CONVERSION = YES;
				CLANG_WARN_INT_CONVERSION = YES;
				CLANG_WARN_OBJC_ROOT_CLASS = YES_ERROR;
				CLANG_WARN_UNREACHABLE_CODE = YES;
				CLANG_WARN__DUPLICATE_METHOD_MATCH = YES;
				"CODE_SIGN_IDENTITY[sdk=iphoneos*]" = "iPhone Developer";
				COPY_PHASE_STRIP = NO;
				DEBUG_INFORMATION_FORMAT = "dwarf-with-dsym";
				ENABLE_NS_ASSERTIONS = NO;
				ENABLE_STRICT_OBJC_MSGSEND = YES;
				GCC_C_LANGUAGE_STANDARD = gnu99;
				GCC_NO_COMMON_BLOCKS = YES;
				GCC_WARN_64_TO_32_BIT_CONVERSION = YES;
				GCC_WARN_ABOUT_RETURN_TYPE = YES_ERROR;
				GCC_WARN_UNDECLARED_SELECTOR = YES;
				GCC_WARN_UNINITIALIZED_AUTOS = YES_AGGRESSIVE;
				GCC_WARN_UNUSED_FUNCTION = YES;
				GCC_WARN_UNUSED_VARIABLE = YES;
				IPHONEOS_DEPLOYMENT_TARGET = 9.1;
				MTL_ENABLE_DEBUG_INFO = NO;
				SDKROOT = iphoneos;
				VALIDATE_PRODUCT = YES;
			};
			name = Release;
		};
		650501B11BA895C5001450E8 /* Debug */ = {
			isa = XCBuildConfiguration;
			buildSettings = {
				ASSETCATALOG_COMPILER_APPICON_NAME = AppIcon;
				INFOPLIST_FILE = Tapper/Info.plist;
				LD_RUNPATH_SEARCH_PATHS = "$(inherited) @executable_path/Frameworks";
				PRODUCT_BUNDLE_IDENTIFIER = com.danielzhang.Tapper;
				PRODUCT_NAME = "$(TARGET_NAME)";
			};
			name = Debug;
		};
		650501B21BA895C5001450E8 /* Release */ = {
			isa = XCBuildConfiguration;
			buildSettings = {
				ASSETCATALOG_COMPILER_APPICON_NAME = AppIcon;
				INFOPLIST_FILE = Tapper/Info.plist;
				LD_RUNPATH_SEARCH_PATHS = "$(inherited) @executable_path/Frameworks";
				PRODUCT_BUNDLE_IDENTIFIER = com.danielzhang.Tapper;
				PRODUCT_NAME = "$(TARGET_NAME)";
			};
			name = Release;
		};
		650501B41BA895C5001450E8 /* Debug */ = {
			isa = XCBuildConfiguration;
			buildSettings = {
				BUNDLE_LOADER = "$(TEST_HOST)";
				INFOPLIST_FILE = TapperTests/Info.plist;
				LD_RUNPATH_SEARCH_PATHS = "$(inherited) @executable_path/Frameworks @loader_path/Frameworks";
				PRODUCT_BUNDLE_IDENTIFIER = com.danielzhang.TapperTests;
				PRODUCT_NAME = "$(TARGET_NAME)";
				TEST_HOST = "$(BUILT_PRODUCTS_DIR)/Tapper.app/Tapper";
			};
			name = Debug;
		};
		650501B51BA895C5001450E8 /* Release */ = {
			isa = XCBuildConfiguration;
			buildSettings = {
				BUNDLE_LOADER = "$(TEST_HOST)";
				INFOPLIST_FILE = TapperTests/Info.plist;
				LD_RUNPATH_SEARCH_PATHS = "$(inherited) @executable_path/Frameworks @loader_path/Frameworks";
				PRODUCT_BUNDLE_IDENTIFIER = com.danielzhang.TapperTests;
				PRODUCT_NAME = "$(TARGET_NAME)";
				TEST_HOST = "$(BUILT_PRODUCTS_DIR)/Tapper.app/Tapper";
			};
			name = Release;
		};
		650501B71BA895C5001450E8 /* Debug */ = {
			isa = XCBuildConfiguration;
			buildSettings = {
				INFOPLIST_FILE = TapperUITests/Info.plist;
				LD_RUNPATH_SEARCH_PATHS = "$(inherited) @executable_path/Frameworks @loader_path/Frameworks";
				PRODUCT_BUNDLE_IDENTIFIER = com.danielzhang.TapperUITests;
				PRODUCT_NAME = "$(TARGET_NAME)";
				TEST_TARGET_NAME = Tapper;
				USES_XCTRUNNER = YES;
			};
			name = Debug;
		};
		650501B81BA895C5001450E8 /* Release */ = {
			isa = XCBuildConfiguration;
			buildSettings = {
				INFOPLIST_FILE = TapperUITests/Info.plist;
				LD_RUNPATH_SEARCH_PATHS = "$(inherited) @executable_path/Frameworks @loader_path/Frameworks";
				PRODUCT_BUNDLE_IDENTIFIER = com.danielzhang.TapperUITests;
				PRODUCT_NAME = "$(TARGET_NAME)";
				TEST_TARGET_NAME = Tapper;
				USES_XCTRUNNER = YES;
			};
			name = Release;
		};
/* End XCBuildConfiguration section */

/* Begin XCConfigurationList section */
		650501801BA895C5001450E8 /* Build configuration list for PBXProject "Tapper" */ = {
			isa = XCConfigurationList;
			buildConfigurations = (
				650501AE1BA895C5001450E8 /* Debug */,
				650501AF1BA895C5001450E8 /* Release */,
			);
			defaultConfigurationIsVisible = 0;
			defaultConfigurationName = Release;
		};
		650501B01BA895C5001450E8 /* Build configuration list for PBXNativeTarget "Tapper" */ = {
			isa = XCConfigurationList;
			buildConfigurations = (
				650501B11BA895C5001450E8 /* Debug */,
				650501B21BA895C5001450E8 /* Release */,
			);
			defaultConfigurationIsVisible = 0;
		};
		650501B31BA895C5001450E8 /* Build configuration list for PBXNativeTarget "TapperTests" */ = {
			isa = XCConfigurationList;
			buildConfigurations = (
				650501B41BA895C5001450E8 /* Debug */,
				650501B51BA895C5001450E8 /* Release */,
			);
			defaultConfigurationIsVisible = 0;
		};
		650501B61BA895C5001450E8 /* Build configuration list for PBXNativeTarget "TapperUITests" */ = {
			isa = XCConfigurationList;
			buildConfigurations = (
				650501B71BA895C5001450E8 /* Debug */,
				650501B81BA895C5001450E8 /* Release */,
			);
			defaultConfigurationIsVisible = 0;
		};
/* End XCConfigurationList section */

/* Begin XCVersionGroup section */
		6505018F1BA895C5001450E8 /* Tapper.xcdatamodeld */ = {
			isa = XCVersionGroup;
			children = (
				650501901BA895C5001450E8 /* Tapper.xcdatamodel */,
			);
			currentVersion = 650501901BA895C5001450E8 /* Tapper.xcdatamodel */;
			path = Tapper.xcdatamodeld;
			sourceTree = "<group>";
			versionGroupType = wrapper.xcdatamodel;
		};
/* End XCVersionGroup section */
	};
	rootObject = 6505017D1BA895C5001450E8 /* Project object */;
}
